
Microsoft Visual Studio Solution File, Format Version 12.00
# Visual Studio Version 16
VisualStudioVersion = 16.0.30114.105
MinimumVisualStudioVersion = 10.0.40219.1
Project("{FAE04EC0-301F-11D3-BF4B-00C04F79EFBC}") = "SharpNTDSDumpEx", "SharpNTDSDumpEx\SharpNTDSDumpEx.csproj", "{D04B916E-9AE9-411D-89A2-F5F3E52B3F22}"
EndProject
Global
	GlobalSection(SolutionConfigurationPlatforms) = preSolution
		Debug|Any CPU = Debug|Any CPU
		Release|Any CPU = Release|Any CPU
	EndGlobalSection
	GlobalSection(ProjectConfigurationPlatforms) = postSolution
		{D04B916E-9AE9-411D-89A2-F5F3E52B3F22}.Debug|Any CPU.ActiveCfg = Debug|Any CPU
		{D04B916E-9AE9-411D-89A2-F5F3E52B3F22}.Debug|Any CPU.Build.0 = Debug|Any CPU
		{D04B916E-9AE9-411D-89A2-F5F3E52B3F22}.Release|Any CPU.ActiveCfg = Release|Any CPU
		{D04B916E-9AE9-411D-89A2-F5F3E52B3F22}.Release|Any CPU.Build.0 = Release|Any CPU
	EndGlobalSection
	GlobalSection(SolutionProperties) = preSolution
		HideSolutionNode = FALSE
	EndGlobalSection
	GlobalSection(ExtensibilityGlobals) = postSolution
		SolutionGuid = {342D41D9-1C66-452B-B751-54E4C2DA757B}
	EndGlobalSection
EndGlobal
