
Microsoft Visual Studio Solution File, Format Version 12.00
# Visual Studio Version 16
VisualStudioVersion = 16.0.30413.136
MinimumVisualStudioVersion = 10.0.40219.1
Project("{FAE04EC0-301F-11D3-BF4B-00C04F79EFBC}") = "SharpSetFileTimes", "SharpSetFileTimes\SharpSetFileTimes.csproj", "{F1704AB9-18EF-4B25-8459-0DBB5E039B0A}"
EndProject
Global
	GlobalSection(SolutionConfigurationPlatforms) = preSolution
		Debug|Any CPU = Debug|Any CPU
		Release|Any CPU = Release|Any CPU
	EndGlobalSection
	GlobalSection(ProjectConfigurationPlatforms) = postSolution
		{F1704AB9-18EF-4B25-8459-0DBB5E039B0A}.Debug|Any CPU.ActiveCfg = Debug|Any CPU
		{F1704AB9-18EF-4B25-8459-0DBB5E039B0A}.Debug|Any CPU.Build.0 = Debug|Any CPU
		{F1704AB9-18EF-4B25-8459-0DBB5E039B0A}.Release|Any CPU.ActiveCfg = Release|Any CPU
		{F1704AB9-18EF-4B25-8459-0DBB5E039B0A}.Release|Any CPU.Build.0 = Release|Any CPU
	EndGlobalSection
	GlobalSection(SolutionProperties) = preSolution
		HideSolutionNode = FALSE
	EndGlobalSection
	GlobalSection(ExtensibilityGlobals) = postSolution
		SolutionGuid = {AE947DBE-74FA-4197-AD9F-AC85F8753770}
	EndGlobalSection
EndGlobal
