
Microsoft Visual Studio Solution File, Format Version 12.00
# Visual Studio 15
VisualStudioVersion = 15.0.28307.136
MinimumVisualStudioVersion = 10.0.40219.1
Project("{FAE04EC0-301F-11D3-BF4B-00C04F79EFBC}") = "SharpGetBasisDown", "SharpGetBasisDown\SharpGetBasisDown.csproj", "{6F7C800E-B24D-404F-BC7B-2F95BC36E194}"
EndProject
Global
	GlobalSection(SolutionConfigurationPlatforms) = preSolution
		Debug|Any CPU = Debug|Any CPU
		Release|Any CPU = Release|Any CPU
	EndGlobalSection
	GlobalSection(ProjectConfigurationPlatforms) = postSolution
		{6F7C800E-B24D-404F-BC7B-2F95BC36E194}.Debug|Any CPU.ActiveCfg = Debug|Any CPU
		{6F7C800E-B24D-404F-BC7B-2F95BC36E194}.Debug|Any CPU.Build.0 = Debug|Any CPU
		{6F7C800E-B24D-404F-BC7B-2F95BC36E194}.Release|Any CPU.ActiveCfg = Release|Any CPU
		{6F7C800E-B24D-404F-BC7B-2F95BC36E194}.Release|Any CPU.Build.0 = Release|Any CPU
	EndGlobalSection
	GlobalSection(SolutionProperties) = preSolution
		HideSolutionNode = FALSE
	EndGlobalSection
	GlobalSection(ExtensibilityGlobals) = postSolution
		SolutionGuid = {D5A44DBF-D4BD-4EF5-B8A9-244359BD7F04}
	EndGlobalSection
EndGlobal
