
Microsoft Visual Studio Solution File, Format Version 12.00
# Visual Studio 15
VisualStudioVersion = 15.0.28307.572
MinimumVisualStudioVersion = 10.0.40219.1
Project("{FAE04EC0-301F-11D3-BF4B-00C04F79EFBC}") = "SPNSearcher", "SPNSearcher\SPNSearcher.csproj", "{024740CC-1417-4AC0-B7BC-9BD5B4731241}"
EndProject
Global
	GlobalSection(SolutionConfigurationPlatforms) = preSolution
		Debug|Any CPU = Debug|Any CPU
		Release|Any CPU = Release|Any CPU
	EndGlobalSection
	GlobalSection(ProjectConfigurationPlatforms) = postSolution
		{024740CC-1417-4AC0-B7BC-9BD5B4731241}.Debug|Any CPU.ActiveCfg = Debug|Any CPU
		{024740CC-1417-4AC0-B7BC-9BD5B4731241}.Debug|Any CPU.Build.0 = Debug|Any CPU
		{024740CC-1417-4AC0-B7BC-9BD5B4731241}.Release|Any CPU.ActiveCfg = Release|Any CPU
		{024740CC-1417-4AC0-B7BC-9BD5B4731241}.Release|Any CPU.Build.0 = Release|Any CPU
	EndGlobalSection
	GlobalSection(SolutionProperties) = preSolution
		HideSolutionNode = FALSE
	EndGlobalSection
	GlobalSection(ExtensibilityGlobals) = postSolution
		SolutionGuid = {9C965D1A-A632-4744-B4F9-9117F1F1446A}
	EndGlobalSection
EndGlobal
